absl-py==2.2.2
annotated-types==0.7.0
behave==1.2.6
immutabledict==4.2.1
numpy==2.2.5
ortools==9.12.4544
pandas==2.2.3
parse==1.20.2
parse_type==0.6.4
protobuf==5.29.4
pydantic==2.11.3
pydantic_core==2.33.1
python-dateutil==2.9.0.post0
pytz==2025.2
six==1.17.0
typing-inspection==0.4.0
typing_extensions==4.13.2
tzdata==2025.2
